
Microsoft Visual Studio Solution File, Format Version 12.00
# Visual Studio Version 16
VisualStudioVersion = 16.0.29911.84
MinimumVisualStudioVersion = 10.0.40219.1
Project("{FAE04EC0-301F-11D3-BF4B-00C04F79EFBC}") = "APBD_tutorial_3", "APBD_tutorial_3\APBD_tutorial_3.csproj", "{70072049-FDD8-4127-A18D-BAB68BEAF1B1}"
EndProject
Global
	GlobalSection(SolutionConfigurationPlatforms) = preSolution
		Debug|Any CPU = Debug|Any CPU
		Release|Any CPU = Release|Any CPU
	EndGlobalSection
	GlobalSection(ProjectConfigurationPlatforms) = postSolution
		{70072049-FDD8-4127-A18D-BAB68BEAF1B1}.Debug|Any CPU.ActiveCfg = Debug|Any CPU
		{70072049-FDD8-4127-A18D-BAB68BEAF1B1}.Debug|Any CPU.Build.0 = Debug|Any CPU
		{70072049-FDD8-4127-A18D-BAB68BEAF1B1}.Release|Any CPU.ActiveCfg = Release|Any CPU
		{70072049-FDD8-4127-A18D-BAB68BEAF1B1}.Release|Any CPU.Build.0 = Release|Any CPU
	EndGlobalSection
	GlobalSection(SolutionProperties) = preSolution
		HideSolutionNode = FALSE
	EndGlobalSection
	GlobalSection(ExtensibilityGlobals) = postSolution
		SolutionGuid = {2B6D708B-5BEB-40AC-B02F-E6845A339048}
	EndGlobalSection
EndGlobal
